
Microsoft Visual Studio Solution File, Format Version 12.00
# Visual Studio Version 16
VisualStudioVersion = 16.0.31025.194
MinimumVisualStudioVersion = 10.0.40219.1
Project("{FAE04EC0-301F-11D3-BF4B-00C04F79EFBC}") = "DifferentTicTacToe", "DifferentTicTacToe\DifferentTicTacToe.csproj", "{FDAEFAAB-224C-4296-8CDD-9C76807BC19A}"
EndProject
Project("{FAE04EC0-301F-11D3-BF4B-00C04F79EFBC}") = "UI", "UI\UI.csproj", "{45C368EF-67EB-4631-918D-D6C37EAB094D}"
EndProject
Project("{2150E333-8FDC-42A3-9474-1A3956D46DE8}") = "Solution Items", "Solution Items", "{34DC7983-35D3-463D-B6D6-FBE54781B83F}"
	ProjectSection(SolutionItems) = preProject
		Readme.txt = Readme.txt
	EndProjectSection
EndProject
Global
	GlobalSection(SolutionConfigurationPlatforms) = preSolution
		Debug|Any CPU = Debug|Any CPU
		Release|Any CPU = Release|Any CPU
	EndGlobalSection
	GlobalSection(ProjectConfigurationPlatforms) = postSolution
		{FDAEFAAB-224C-4296-8CDD-9C76807BC19A}.Debug|Any CPU.ActiveCfg = Debug|Any CPU
		{FDAEFAAB-224C-4296-8CDD-9C76807BC19A}.Debug|Any CPU.Build.0 = Debug|Any CPU
		{FDAEFAAB-224C-4296-8CDD-9C76807BC19A}.Release|Any CPU.ActiveCfg = Release|Any CPU
		{FDAEFAAB-224C-4296-8CDD-9C76807BC19A}.Release|Any CPU.Build.0 = Release|Any CPU
		{45C368EF-67EB-4631-918D-D6C37EAB094D}.Debug|Any CPU.ActiveCfg = Debug|Any CPU
		{45C368EF-67EB-4631-918D-D6C37EAB094D}.Debug|Any CPU.Build.0 = Debug|Any CPU
		{45C368EF-67EB-4631-918D-D6C37EAB094D}.Release|Any CPU.ActiveCfg = Release|Any CPU
		{45C368EF-67EB-4631-918D-D6C37EAB094D}.Release|Any CPU.Build.0 = Release|Any CPU
	EndGlobalSection
	GlobalSection(SolutionProperties) = preSolution
		HideSolutionNode = FALSE
	EndGlobalSection
	GlobalSection(ExtensibilityGlobals) = postSolution
		SolutionGuid = {3D19A6CD-B041-4FA1-9465-F457BC0B50EE}
	EndGlobalSection
EndGlobal
